
Microsoft Visual Studio Solution File, Format Version 12.00
# Visual Studio Version 17
VisualStudioVersion = 17.14.36518.9 d17.14
MinimumVisualStudioVersion = 10.0.40219.1
Project("{FAE04EC0-301F-11D3-BF4B-00C04F79EFBC}") = "ASPautokAPI", "ASPautokAPI\ASPautokAPI.csproj", "{80664DB1-7D2D-4533-9A83-4B9B309DE3E3}"
EndProject
Global
	GlobalSection(SolutionConfigurationPlatforms) = preSolution
		Debug|Any CPU = Debug|Any CPU
		Release|Any CPU = Release|Any CPU
	EndGlobalSection
	GlobalSection(ProjectConfigurationPlatforms) = postSolution
		{80664DB1-7D2D-4533-9A83-4B9B309DE3E3}.Debug|Any CPU.ActiveCfg = Debug|Any CPU
		{80664DB1-7D2D-4533-9A83-4B9B309DE3E3}.Debug|Any CPU.Build.0 = Debug|Any CPU
		{80664DB1-7D2D-4533-9A83-4B9B309DE3E3}.Release|Any CPU.ActiveCfg = Release|Any CPU
		{80664DB1-7D2D-4533-9A83-4B9B309DE3E3}.Release|Any CPU.Build.0 = Release|Any CPU
	EndGlobalSection
	GlobalSection(SolutionProperties) = preSolution
		HideSolutionNode = FALSE
	EndGlobalSection
	GlobalSection(ExtensibilityGlobals) = postSolution
		SolutionGuid = {E531A6AC-69AA-4972-A41F-9FA75176A7B2}
	EndGlobalSection
EndGlobal
